dependencies:
- name: postgresql
  repository: file://./deps/postgresql
  version: 8.6.4
- name: gluon
  repository: oci://registry.dso.mil/platform-one/big-bang/apps/library-charts/gluon
  version: 0.2.9
- name: ingress-nginx
  repository: https://kubernetes.github.io/ingress-nginx
  version: 3.31.0
digest: sha256:1e17952b5035e6426cb3c313f5a029c3fec47100ac8f29a5fd0bcf065c2aa37f
generated: "2022-06-02T16:19:54.0064395-06:00"
